// !$*UTF8*$!
{
	archiveVersion = 1;
	classes = {
	};
	objectVersion = 46;
	objects = {

/* Begin PBXBuildFile section */
		DB5734141CEEA91400A8762C /* NSString+HEmoji.m in Sources */ = {isa = PBXBuildFile; fileRef = DB5734131CEEA91400A8762C /* NSString+HEmoji.m */; };
		DB9EF73F1CD88A9E00BD9579 /* HImageBox.m in Sources */ = {isa = PBXBuildFile; fileRef = DB9EF73E1CD88A9E00BD9579 /* HImageBox.m */; };
		DBBED71B1CEEB19C00B98E6C /* emoji.plist in Resources */ = {isa = PBXBuildFile; fileRef = DBBED71A1CEEB19C00B98E6C /* emoji.plist */; };
		DBBED71D1CEEB7BE00B98E6C /* emojiConnection.plist in Resources */ = {isa = PBXBuildFile; fileRef = DBBED71C1CEEB7BE00B98E6C /* emojiConnection.plist */; };
		DBD359FF1CEBFECF0057DAA5 /* UIColor+Hex.m in Sources */ = {isa = PBXBuildFile; fileRef = DBD359E01CEBFECF0057DAA5 /* UIColor+Hex.m */; };
		DBD35A001CEBFECF0057DAA5 /* UIView+Extension.m in Sources */ = {isa = PBXBuildFile; fileRef = DBD359E21CEBFECF0057DAA5 /* UIView+Extension.m */; };
		DBD35A011CEBFECF0057DAA5 /* FontConfig.m in Sources */ = {isa = PBXBuildFile; fileRef = DBD359E61CEBFECF0057DAA5 /* FontConfig.m */; };
		DBD35A021CEBFECF0057DAA5 /* FrameParserConfig.m in Sources */ = {isa = PBXBuildFile; fileRef = DBD359E81CEBFECF0057DAA5 /* FrameParserConfig.m */; };
		DBD35A031CEBFECF0057DAA5 /* paragraphConfig.m in Sources */ = {isa = PBXBuildFile; fileRef = DBD359EA1CEBFECF0057DAA5 /* paragraphConfig.m */; };
		DBD35A041CEBFECF0057DAA5 /* partMessage.m in Sources */ = {isa = PBXBuildFile; fileRef = DBD359EC1CEBFECF0057DAA5 /* partMessage.m */; };
		DBD35A051CEBFECF0057DAA5 /* CoreTextData.m in Sources */ = {isa = PBXBuildFile; fileRef = DBD359EE1CEBFECF0057DAA5 /* CoreTextData.m */; };
		DBD35A071CEBFECF0057DAA5 /* FrameParser.m in Sources */ = {isa = PBXBuildFile; fileRef = DBD359F21CEBFECF0057DAA5 /* FrameParser.m */; };
		DBD35A081CEBFECF0057DAA5 /* FrameParserHandle.m in Sources */ = {isa = PBXBuildFile; fileRef = DBD359F71CEBFECF0057DAA5 /* FrameParserHandle.m */; };
		DBD35A091CEBFECF0057DAA5 /* keyword_keyPath_image.plist in Resources */ = {isa = PBXBuildFile; fileRef = DBD359F81CEBFECF0057DAA5 /* keyword_keyPath_image.plist */; };
		DBD35A0A1CEBFECF0057DAA5 /* keyword_keyPath_text.plist in Resources */ = {isa = PBXBuildFile; fileRef = DBD359F91CEBFECF0057DAA5 /* keyword_keyPath_text.plist */; };
		DBD35A0B1CEBFECF0057DAA5 /* CTDrawView.m in Sources */ = {isa = PBXBuildFile; fileRef = DBD359FE1CEBFECF0057DAA5 /* CTDrawView.m */; };
		DBD35A0E1CEC021F0057DAA5 /* FrameParser+dict.m in Sources */ = {isa = PBXBuildFile; fileRef = DBD35A0D1CEC021F0057DAA5 /* FrameParser+dict.m */; };
		DBD35A111CEC5C250057DAA5 /* tempViewController.m in Sources */ = {isa = PBXBuildFile; fileRef = DBD35A101CEC5C250057DAA5 /* tempViewController.m */; };
		DBF4CD471CCA05F800E5804E /* main.m in Sources */ = {isa = PBXBuildFile; fileRef = DBF4CD461CCA05F800E5804E /* main.m */; };
		DBF4CD4A1CCA05F800E5804E /* AppDelegate.m in Sources */ = {isa = PBXBuildFile; fileRef = DBF4CD491CCA05F800E5804E /* AppDelegate.m */; };
		DBF4CD4D1CCA05F800E5804E /* ViewController.m in Sources */ = {isa = PBXBuildFile; fileRef = DBF4CD4C1CCA05F800E5804E /* ViewController.m */; };
		DBF4CD501CCA05F800E5804E /* Main.storyboard in Resources */ = {isa = PBXBuildFile; fileRef = DBF4CD4E1CCA05F800E5804E /* Main.storyboard */; };
		DBF4CD521CCA05F800E5804E /* Assets.xcassets in Resources */ = {isa = PBXBuildFile; fileRef = DBF4CD511CCA05F800E5804E /* Assets.xcassets */; };
		DBF4CD551CCA05F800E5804E /* LaunchScreen.storyboard in Resources */ = {isa = PBXBuildFile; fileRef = DBF4CD531CCA05F800E5804E /* LaunchScreen.storyboard */; };
		DBF4CD601CCA05F900E5804E /* CoreTextDomeTests.m in Sources */ = {isa = PBXBuildFile; fileRef = DBF4CD5F1CCA05F900E5804E /* CoreTextDomeTests.m */; };
		DBF4CD6B1CCA05F900E5804E /* CoreTextDomeUITests.m in Sources */ = {isa = PBXBuildFile; fileRef = DBF4CD6A1CCA05F900E5804E /* CoreTextDomeUITests.m */; };
/* End PBXBuildFile section */

/* Begin PBXContainerItemProxy section */
		DBF4CD5C1CCA05F900E5804E /* PBXContainerItemProxy */ = {
			isa = PBXContainerItemProxy;
			containerPortal = DBF4CD3A1CCA05F800E5804E /* Project object */;
			proxyType = 1;
			remoteGlobalIDString = DBF4CD411CCA05F800E5804E;
			remoteInfo = CoreTextDome;
		};
		DBF4CD671CCA05F900E5804E /* PBXContainerItemProxy */ = {
			isa = PBXContainerItemProxy;
			containerPortal = DBF4CD3A1CCA05F800E5804E /* Project object */;
			proxyType = 1;
			remoteGlobalIDString = DBF4CD411CCA05F800E5804E;
			remoteInfo = CoreTextDome;
		};
/* End PBXContainerItemProxy section */

/* Begin PBXFileReference section */
		DB4A716E1CEB2637009C1132 /* tempViewController.h */ = {isa = PBXFileReference; fileEncoding = 4; lastKnownFileType = sourcecode.c.h; path = tempViewController.h; sourceTree = "<group>"; };
		DB5734121CEEA91400A8762C /* NSString+HEmoji.h */ = {isa = PBXFileReference; fileEncoding = 4; lastKnownFileType = sourcecode.c.h; path = "NSString+HEmoji.h"; sourceTree = "<group>"; };
		DB5734131CEEA91400A8762C /* NSString+HEmoji.m */ = {isa = PBXFileReference; fileEncoding = 4; lastKnownFileType = sourcecode.c.objc; path = "NSString+HEmoji.m"; sourceTree = "<group>"; };
		DB9EF73D1CD88A9E00BD9579 /* HImageBox.h */ = {isa = PBXFileReference; fileEncoding = 4; lastKnownFileType = sourcecode.c.h; path = HImageBox.h; sourceTree = "<group>"; };
		DB9EF73E1CD88A9E00BD9579 /* HImageBox.m */ = {isa = PBXFileReference; fileEncoding = 4; lastKnownFileType = sourcecode.c.objc; path = HImageBox.m; sourceTree = "<group>"; };
		DBBED71A1CEEB19C00B98E6C /* emoji.plist */ = {isa = PBXFileReference; fileEncoding = 4; lastKnownFileType = text.plist.xml; path = emoji.plist; sourceTree = "<group>"; };
		DBBED71C1CEEB7BE00B98E6C /* emojiConnection.plist */ = {isa = PBXFileReference; lastKnownFileType = file.bplist; path = emojiConnection.plist; sourceTree = "<group>"; };
		DBD359DF1CEBFECF0057DAA5 /* UIColor+Hex.h */ = {isa = PBXFileReference; fileEncoding = 4; lastKnownFileType = sourcecode.c.h; path = "UIColor+Hex.h"; sourceTree = "<group>"; };
		DBD359E01CEBFECF0057DAA5 /* UIColor+Hex.m */ = {isa = PBXFileReference; fileEncoding = 4; lastKnownFileType = sourcecode.c.objc; path = "UIColor+Hex.m"; sourceTree = "<group>"; };
		DBD359E11CEBFECF0057DAA5 /* UIView+Extension.h */ = {isa = PBXFileReference; fileEncoding = 4; lastKnownFileType = sourcecode.c.h; path = "UIView+Extension.h"; sourceTree = "<group>"; };
		DBD359E21CEBFECF0057DAA5 /* UIView+Extension.m */ = {isa = PBXFileReference; fileEncoding = 4; lastKnownFileType = sourcecode.c.objc; path = "UIView+Extension.m"; sourceTree = "<group>"; };
		DBD359E51CEBFECF0057DAA5 /* FontConfig.h */ = {isa = PBXFileReference; fileEncoding = 4; lastKnownFileType = sourcecode.c.h; path = FontConfig.h; sourceTree = "<group>"; };
		DBD359E61CEBFECF0057DAA5 /* FontConfig.m */ = {isa = PBXFileReference; fileEncoding = 4; lastKnownFileType = sourcecode.c.objc; path = FontConfig.m; sourceTree = "<group>"; };
		DBD359E71CEBFECF0057DAA5 /* FrameParserConfig.h */ = {isa = PBXFileReference; fileEncoding = 4; lastKnownFileType = sourcecode.c.h; path = FrameParserConfig.h; sourceTree = "<group>"; };
		DBD359E81CEBFECF0057DAA5 /* FrameParserConfig.m */ = {isa = PBXFileReference; fileEncoding = 4; lastKnownFileType = sourcecode.c.objc; path = FrameParserConfig.m; sourceTree = "<group>"; };
		DBD359E91CEBFECF0057DAA5 /* paragraphConfig.h */ = {isa = PBXFileReference; fileEncoding = 4; lastKnownFileType = sourcecode.c.h; path = paragraphConfig.h; sourceTree = "<group>"; };
		DBD359EA1CEBFECF0057DAA5 /* paragraphConfig.m */ = {isa = PBXFileReference; fileEncoding = 4; lastKnownFileType = sourcecode.c.objc; path = paragraphConfig.m; sourceTree = "<group>"; };
		DBD359EB1CEBFECF0057DAA5 /* partMessage.h */ = {isa = PBXFileReference; fileEncoding = 4; lastKnownFileType = sourcecode.c.h; path = partMessage.h; sourceTree = "<group>"; };
		DBD359EC1CEBFECF0057DAA5 /* partMessage.m */ = {isa = PBXFileReference; fileEncoding = 4; lastKnownFileType = sourcecode.c.objc; path = partMessage.m; sourceTree = "<group>"; };
		DBD359ED1CEBFECF0057DAA5 /* CoreTextData.h */ = {isa = PBXFileReference; fileEncoding = 4; lastKnownFileType = sourcecode.c.h; path = CoreTextData.h; sourceTree = "<group>"; };
		DBD359EE1CEBFECF0057DAA5 /* CoreTextData.m */ = {isa = PBXFileReference; fileEncoding = 4; lastKnownFileType = sourcecode.c.objc; path = CoreTextData.m; sourceTree = "<group>"; };
		DBD359F11CEBFECF0057DAA5 /* FrameParser.h */ = {isa = PBXFileReference; fileEncoding = 4; lastKnownFileType = sourcecode.c.h; path = FrameParser.h; sourceTree = "<group>"; };
		DBD359F21CEBFECF0057DAA5 /* FrameParser.m */ = {isa = PBXFileReference; fileEncoding = 4; lastKnownFileType = sourcecode.c.objc; path = FrameParser.m; sourceTree = "<group>"; };
		DBD359F31CEBFECF0057DAA5 /* FrameParserDelegate.h */ = {isa = PBXFileReference; fileEncoding = 4; lastKnownFileType = sourcecode.c.h; path = FrameParserDelegate.h; sourceTree = "<group>"; };
		DBD359F41CEBFECF0057DAA5 /* HCoreText.h */ = {isa = PBXFileReference; fileEncoding = 4; lastKnownFileType = sourcecode.c.h; path = HCoreText.h; sourceTree = "<group>"; };
		DBD359F61CEBFECF0057DAA5 /* FrameParserHandle.h */ = {isa = PBXFileReference; fileEncoding = 4; lastKnownFileType = sourcecode.c.h; path = FrameParserHandle.h; sourceTree = "<group>"; };
		DBD359F71CEBFECF0057DAA5 /* FrameParserHandle.m */ = {isa = PBXFileReference; fileEncoding = 4; lastKnownFileType = sourcecode.c.objc; path = FrameParserHandle.m; sourceTree = "<group>"; };
		DBD359F81CEBFECF0057DAA5 /* keyword_keyPath_image.plist */ = {isa = PBXFileReference; fileEncoding = 4; lastKnownFileType = text.plist.xml; path = keyword_keyPath_image.plist; sourceTree = "<group>"; };
		DBD359F91CEBFECF0057DAA5 /* keyword_keyPath_text.plist */ = {isa = PBXFileReference; fileEncoding = 4; lastKnownFileType = text.plist.xml; path = keyword_keyPath_text.plist; sourceTree = "<group>"; };
		DBD359FD1CEBFECF0057DAA5 /* CTDrawView.h */ = {isa = PBXFileReference; fileEncoding = 4; lastKnownFileType = sourcecode.c.h; path = CTDrawView.h; sourceTree = "<group>"; };
		DBD359FE1CEBFECF0057DAA5 /* CTDrawView.m */ = {isa = PBXFileReference; fileEncoding = 4; lastKnownFileType = sourcecode.c.objc; path = CTDrawView.m; sourceTree = "<group>"; };
		DBD35A0C1CEC021F0057DAA5 /* FrameParser+dict.h */ = {isa = PBXFileReference; fileEncoding = 4; lastKnownFileType = sourcecode.c.h; path = "FrameParser+dict.h"; sourceTree = "<group>"; };
		DBD35A0D1CEC021F0057DAA5 /* FrameParser+dict.m */ = {isa = PBXFileReference; fileEncoding = 4; lastKnownFileType = sourcecode.c.objc; path = "FrameParser+dict.m"; sourceTree = "<group>"; };
		DBD35A0F1CEC04200057DAA5 /* ParserType.h */ = {isa = PBXFileReference; lastKnownFileType = sourcecode.c.h; path = ParserType.h; sourceTree = "<group>"; };
		DBD35A101CEC5C250057DAA5 /* tempViewController.m */ = {isa = PBXFileReference; fileEncoding = 4; lastKnownFileType = sourcecode.c.objc; path = tempViewController.m; sourceTree = "<group>"; };
		DBF4CD421CCA05F800E5804E /* CoreTextDome.app */ = {isa = PBXFileReference; explicitFileType = wrapper.application; includeInIndex = 0; path = CoreTextDome.app; sourceTree = BUILT_PRODUCTS_DIR; };
		DBF4CD461CCA05F800E5804E /* main.m */ = {isa = PBXFileReference; lastKnownFileType = sourcecode.c.objc; path = main.m; sourceTree = "<group>"; };
		DBF4CD481CCA05F800E5804E /* AppDelegate.h */ = {isa = PBXFileReference; lastKnownFileType = sourcecode.c.h; path = AppDelegate.h; sourceTree = "<group>"; };
		DBF4CD491CCA05F800E5804E /* AppDelegate.m */ = {isa = PBXFileReference; lastKnownFileType = sourcecode.c.objc; path = AppDelegate.m; sourceTree = "<group>"; };
		DBF4CD4B1CCA05F800E5804E /* ViewController.h */ = {isa = PBXFileReference; lastKnownFileType = sourcecode.c.h; path = ViewController.h; sourceTree = "<group>"; };
		DBF4CD4C1CCA05F800E5804E /* ViewController.m */ = {isa = PBXFileReference; lastKnownFileType = sourcecode.c.objc; path = ViewController.m; sourceTree = "<group>"; };
		DBF4CD4F1CCA05F800E5804E /* Base */ = {isa = PBXFileReference; lastKnownFileType = file.storyboard; name = Base; path = Base.lproj/Main.storyboard; sourceTree = "<group>"; };
		DBF4CD511CCA05F800E5804E /* Assets.xcassets */ = {isa = PBXFileReference; lastKnownFileType = folder.assetcatalog; path = Assets.xcassets; sourceTree = "<group>"; };
		DBF4CD541CCA05F800E5804E /* Base */ = {isa = PBXFileReference; lastKnownFileType = file.storyboard; name = Base; path = Base.lproj/LaunchScreen.storyboard; sourceTree = "<group>"; };
		DBF4CD561CCA05F800E5804E /* Info.plist */ = {isa = PBXFileReference; lastKnownFileType = text.plist.xml; path = Info.plist; sourceTree = "<group>"; };
		DBF4CD5B1CCA05F900E5804E /* CoreTextDomeTests.xctest */ = {isa = PBXFileReference; explicitFileType = wrapper.cfbundle; includeInIndex = 0; path = CoreTextDomeTests.xctest; sourceTree = BUILT_PRODUCTS_DIR; };
		DBF4CD5F1CCA05F900E5804E /* CoreTextDomeTests.m */ = {isa = PBXFileReference; lastKnownFileType = sourcecode.c.objc; path = CoreTextDomeTests.m; sourceTree = "<group>"; };
		DBF4CD611CCA05F900E5804E /* Info.plist */ = {isa = PBXFileReference; lastKnownFileType = text.plist.xml; path = Info.plist; sourceTree = "<group>"; };
		DBF4CD661CCA05F900E5804E /* CoreTextDomeUITests.xctest */ = {isa = PBXFileReference; explicitFileType = wrapper.cfbundle; includeInIndex = 0; path = CoreTextDomeUITests.xctest; sourceTree = BUILT_PRODUCTS_DIR; };
		DBF4CD6A1CCA05F900E5804E /* CoreTextDomeUITests.m */ = {isa = PBXFileReference; lastKnownFileType = sourcecode.c.objc; path = CoreTextDomeUITests.m; sourceTree = "<group>"; };
		DBF4CD6C1CCA05F900E5804E /* Info.plist */ = {isa = PBXFileReference; lastKnownFileType = text.plist.xml; path = Info.plist; sourceTree = "<group>"; };
/* End PBXFileReference section */

/* Begin PBXFrameworksBuildPhase section */
		DBF4CD3F1CCA05F800E5804E /* Frameworks */ = {
			isa = PBXFrameworksBuildPhase;
			buildActionMask = 2147483647;
			files = (
			);
			runOnlyForDeploymentPostprocessing = 0;
		};
		DBF4CD581CCA05F900E5804E /* Frameworks */ = {
			isa = PBXFrameworksBuildPhase;
			buildActionMask = 2147483647;
			files = (
			);
			runOnlyForDeploymentPostprocessing = 0;
		};
		DBF4CD631CCA05F900E5804E /* Frameworks */ = {
			isa = PBXFrameworksBuildPhase;
			buildActionMask = 2147483647;
			files = (
			);
			runOnlyForDeploymentPostprocessing = 0;
		};
/* End PBXFrameworksBuildPhase section */

/* Begin PBXGroup section */
		DB9EF73B1CD88A7D00BD9579 /* HImage */ = {
			isa = PBXGroup;
			children = (
				DB9EF73C1CD88A7D00BD9579 /* Class */,
			);
			path = HImage;
			sourceTree = "<group>";
		};
		DB9EF73C1CD88A7D00BD9579 /* Class */ = {
			isa = PBXGroup;
			children = (
				DB9EF73D1CD88A9E00BD9579 /* HImageBox.h */,
				DB9EF73E1CD88A9E00BD9579 /* HImageBox.m */,
			);
			path = Class;
			sourceTree = "<group>";
		};
		DBD359DD1CEBFECF0057DAA5 /* HCoreText */ = {
			isa = PBXGroup;
			children = (
				DBD359F41CEBFECF0057DAA5 /* HCoreText.h */,
				DBD359DE1CEBFECF0057DAA5 /* Category */,
				DBD359E31CEBFECF0057DAA5 /* Class */,
				DBD359F51CEBFECF0057DAA5 /* Source */,
				DBD359FC1CEBFECF0057DAA5 /* View */,
			);
			path = HCoreText;
			sourceTree = "<group>";
		};
		DBD359DE1CEBFECF0057DAA5 /* Category */ = {
			isa = PBXGroup;
			children = (
				DBD359DF1CEBFECF0057DAA5 /* UIColor+Hex.h */,
				DBD359E01CEBFECF0057DAA5 /* UIColor+Hex.m */,
				DBD359E11CEBFECF0057DAA5 /* UIView+Extension.h */,
				DBD359E21CEBFECF0057DAA5 /* UIView+Extension.m */,
			);
			path = Category;
			sourceTree = "<group>";
		};
		DBD359E31CEBFECF0057DAA5 /* Class */ = {
			isa = PBXGroup;
			children = (
				DBD359E41CEBFECF0057DAA5 /* config */,
				DBD359ED1CEBFECF0057DAA5 /* CoreTextData.h */,
				DBD359EE1CEBFECF0057DAA5 /* CoreTextData.m */,
				DBD35A0C1CEC021F0057DAA5 /* FrameParser+dict.h */,
				DBD35A0D1CEC021F0057DAA5 /* FrameParser+dict.m */,
				DBD359F11CEBFECF0057DAA5 /* FrameParser.h */,
				DBD359F21CEBFECF0057DAA5 /* FrameParser.m */,
				DBD359F31CEBFECF0057DAA5 /* FrameParserDelegate.h */,
				DBD35A0F1CEC04200057DAA5 /* ParserType.h */,
				DB5734121CEEA91400A8762C /* NSString+HEmoji.h */,
				DB5734131CEEA91400A8762C /* NSString+HEmoji.m */,
			);
			path = Class;
			sourceTree = "<group>";
		};
		DBD359E41CEBFECF0057DAA5 /* config */ = {
			isa = PBXGroup;
			children = (
				DBD359E51CEBFECF0057DAA5 /* FontConfig.h */,
				DBD359E61CEBFECF0057DAA5 /* FontConfig.m */,
				DBD359E71CEBFECF0057DAA5 /* FrameParserConfig.h */,
				DBD359E81CEBFECF0057DAA5 /* FrameParserConfig.m */,
				DBD359E91CEBFECF0057DAA5 /* paragraphConfig.h */,
				DBD359EA1CEBFECF0057DAA5 /* paragraphConfig.m */,
				DBD359EB1CEBFECF0057DAA5 /* partMessage.h */,
				DBD359EC1CEBFECF0057DAA5 /* partMessage.m */,
			);
			path = config;
			sourceTree = "<group>";
		};
		DBD359F51CEBFECF0057DAA5 /* Source */ = {
			isa = PBXGroup;
			children = (
				DBD359F61CEBFECF0057DAA5 /* FrameParserHandle.h */,
				DBD359F71CEBFECF0057DAA5 /* FrameParserHandle.m */,
				DBD359F81CEBFECF0057DAA5 /* keyword_keyPath_image.plist */,
				DBD359F91CEBFECF0057DAA5 /* keyword_keyPath_text.plist */,
				DBBED71A1CEEB19C00B98E6C /* emoji.plist */,
				DBBED71C1CEEB7BE00B98E6C /* emojiConnection.plist */,
			);
			path = Source;
			sourceTree = "<group>";
		};
		DBD359FC1CEBFECF0057DAA5 /* View */ = {
			isa = PBXGroup;
			children = (
				DBD359FD1CEBFECF0057DAA5 /* CTDrawView.h */,
				DBD359FE1CEBFECF0057DAA5 /* CTDrawView.m */,
			);
			path = View;
			sourceTree = "<group>";
		};
		DBF4CD391CCA05F800E5804E = {
			isa = PBXGroup;
			children = (
				DBF4CD441CCA05F800E5804E /* CoreTextDome */,
				DBF4CD5E1CCA05F900E5804E /* CoreTextDomeTests */,
				DBF4CD691CCA05F900E5804E /* CoreTextDomeUITests */,
				DBF4CD431CCA05F800E5804E /* Products */,
			);
			sourceTree = "<group>";
		};
		DBF4CD431CCA05F800E5804E /* Products */ = {
			isa = PBXGroup;
			children = (
				DBF4CD421CCA05F800E5804E /* CoreTextDome.app */,
				DBF4CD5B1CCA05F900E5804E /* CoreTextDomeTests.xctest */,
				DBF4CD661CCA05F900E5804E /* CoreTextDomeUITests.xctest */,
			);
			name = Products;
			sourceTree = "<group>";
		};
		DBF4CD441CCA05F800E5804E /* CoreTextDome */ = {
			isa = PBXGroup;
			children = (
				DBF4CD481CCA05F800E5804E /* AppDelegate.h */,
				DBF4CD491CCA05F800E5804E /* AppDelegate.m */,
				DBF4CD4B1CCA05F800E5804E /* ViewController.h */,
				DBF4CD4C1CCA05F800E5804E /* ViewController.m */,
				DB4A716E1CEB2637009C1132 /* tempViewController.h */,
				DBD35A101CEC5C250057DAA5 /* tempViewController.m */,
				DBD359DD1CEBFECF0057DAA5 /* HCoreText */,
				DB9EF73B1CD88A7D00BD9579 /* HImage */,
				DBF4CD4E1CCA05F800E5804E /* Main.storyboard */,
				DBF4CD511CCA05F800E5804E /* Assets.xcassets */,
				DBF4CD531CCA05F800E5804E /* LaunchScreen.storyboard */,
				DBF4CD561CCA05F800E5804E /* Info.plist */,
				DBF4CD451CCA05F800E5804E /* Supporting Files */,
			);
			path = CoreTextDome;
			sourceTree = "<group>";
		};
		DBF4CD451CCA05F800E5804E /* Supporting Files */ = {
			isa = PBXGroup;
			children = (
				DBF4CD461CCA05F800E5804E /* main.m */,
			);
			name = "Supporting Files";
			sourceTree = "<group>";
		};
		DBF4CD5E1CCA05F900E5804E /* CoreTextDomeTests */ = {
			isa = PBXGroup;
			children = (
				DBF4CD5F1CCA05F900E5804E /* CoreTextDomeTests.m */,
				DBF4CD611CCA05F900E5804E /* Info.plist */,
			);
			path = CoreTextDomeTests;
			sourceTree = "<group>";
		};
		DBF4CD691CCA05F900E5804E /* CoreTextDomeUITests */ = {
			isa = PBXGroup;
			children = (
				DBF4CD6A1CCA05F900E5804E /* CoreTextDomeUITests.m */,
				DBF4CD6C1CCA05F900E5804E /* Info.plist */,
			);
			path = CoreTextDomeUITests;
			sourceTree = "<group>";
		};
/* End PBXGroup section */

/* Begin PBXNativeTarget section */
		DBF4CD411CCA05F800E5804E /* CoreTextDome */ = {
			isa = PBXNativeTarget;
			buildConfigurationList = DBF4CD6F1CCA05F900E5804E /* Build configuration list for PBXNativeTarget "CoreTextDome" */;
			buildPhases = (
				DBF4CD3E1CCA05F800E5804E /* Sources */,
				DBF4CD3F1CCA05F800E5804E /* Frameworks */,
				DBF4CD401CCA05F800E5804E /* Resources */,
			);
			buildRules = (
			);
			dependencies = (
			);
			name = CoreTextDome;
			productName = CoreTextDome;
			productReference = DBF4CD421CCA05F800E5804E /* CoreTextDome.app */;
			productType = "com.apple.product-type.application";
		};
		DBF4CD5A1CCA05F900E5804E /* CoreTextDomeTests */ = {
			isa = PBXNativeTarget;
			buildConfigurationList = DBF4CD721CCA05F900E5804E /* Build configuration list for PBXNativeTarget "CoreTextDomeTests" */;
			buildPhases = (
				DBF4CD571CCA05F900E5804E /* Sources */,
				DBF4CD581CCA05F900E5804E /* Frameworks */,
				DBF4CD591CCA05F900E5804E /* Resources */,
			);
			buildRules = (
			);
			dependencies = (
				DBF4CD5D1CCA05F900E5804E /* PBXTargetDependency */,
			);
			name = CoreTextDomeTests;
			productName = CoreTextDomeTests;
			productReference = DBF4CD5B1CCA05F900E5804E /* CoreTextDomeTests.xctest */;
			productType = "com.apple.product-type.bundle.unit-test";
		};
		DBF4CD651CCA05F900E5804E /* CoreTextDomeUITests */ = {
			isa = PBXNativeTarget;
			buildConfigurationList = DBF4CD751CCA05F900E5804E /* Build configuration list for PBXNativeTarget "CoreTextDomeUITests" */;
			buildPhases = (
				DBF4CD621CCA05F900E5804E /* Sources */,
				DBF4CD631CCA05F900E5804E /* Frameworks */,
				DBF4CD641CCA05F900E5804E /* Resources */,
			);
			buildRules = (
			);
			dependencies = (
				DBF4CD681CCA05F900E5804E /* PBXTargetDependency */,
			);
			name = CoreTextDomeUITests;
			productName = CoreTextDomeUITests;
			productReference = DBF4CD661CCA05F900E5804E /* CoreTextDomeUITests.xctest */;
			productType = "com.apple.product-type.bundle.ui-testing";
		};
/* End PBXNativeTarget section */

/* Begin PBXProject section */
		DBF4CD3A1CCA05F800E5804E /* Project object */ = {
			isa = PBXProject;
			attributes = {
				LastUpgradeCheck = 0730;
				ORGANIZATIONNAME = "朱子豪";
				TargetAttributes = {
					DBF4CD411CCA05F800E5804E = {
						CreatedOnToolsVersion = 7.3;
						DevelopmentTeam = WM4LTQ3CNK;
					};
					DBF4CD5A1CCA05F900E5804E = {
						CreatedOnToolsVersion = 7.3;
						DevelopmentTeam = WM4LTQ3CNK;
						TestTargetID = DBF4CD411CCA05F800E5804E;
					};
					DBF4CD651CCA05F900E5804E = {
						CreatedOnToolsVersion = 7.3;
						DevelopmentTeam = WM4LTQ3CNK;
						TestTargetID = DBF4CD411CCA05F800E5804E;
					};
				};
			};
			buildConfigurationList = DBF4CD3D1CCA05F800E5804E /* Build configuration list for PBXProject "CoreTextDome" */;
			compatibilityVersion = "Xcode 3.2";
			developmentRegion = English;
			hasScannedForEncodings = 0;
			knownRegions = (
				en,
				Base,
			);
			mainGroup = DBF4CD391CCA05F800E5804E;
			productRefGroup = DBF4CD431CCA05F800E5804E /* Products */;
			projectDirPath = "";
			projectRoot = "";
			targets = (
				DBF4CD411CCA05F800E5804E /* CoreTextDome */,
				DBF4CD5A1CCA05F900E5804E /* CoreTextDomeTests */,
				DBF4CD651CCA05F900E5804E /* CoreTextDomeUITests */,
			);
		};
/* End PBXProject section */

/* Begin PBXResourcesBuildPhase section */
		DBF4CD401CCA05F800E5804E /* Resources */ = {
			isa = PBXResourcesBuildPhase;
			buildActionMask = 2147483647;
			files = (
				DBBED71D1CEEB7BE00B98E6C /* emojiConnection.plist in Resources */,
				DBBED71B1CEEB19C00B98E6C /* emoji.plist in Resources */,
				DBD35A0A1CEBFECF0057DAA5 /* keyword_keyPath_text.plist in Resources */,
				DBF4CD551CCA05F800E5804E /* LaunchScreen.storyboard in Resources */,
				DBD35A091CEBFECF0057DAA5 /* keyword_keyPath_image.plist in Resources */,
				DBF4CD521CCA05F800E5804E /* Assets.xcassets in Resources */,
				DBF4CD501CCA05F800E5804E /* Main.storyboard in Resources */,
			);
			runOnlyForDeploymentPostprocessing = 0;
		};
		DBF4CD591CCA05F900E5804E /* Resources */ = {
			isa = PBXResourcesBuildPhase;
			buildActionMask = 2147483647;
			files = (
			);
			runOnlyForDeploymentPostprocessing = 0;
		};
		DBF4CD641CCA05F900E5804E /* Resources */ = {
			isa = PBXResourcesBuildPhase;
			buildActionMask = 2147483647;
			files = (
			);
			runOnlyForDeploymentPostprocessing = 0;
		};
/* End PBXResourcesBuildPhase section */

/* Begin PBXSourcesBuildPhase section */
		DBF4CD3E1CCA05F800E5804E /* Sources */ = {
			isa = PBXSourcesBuildPhase;
			buildActionMask = 2147483647;
			files = (
				DBD35A031CEBFECF0057DAA5 /* paragraphConfig.m in Sources */,
				DBF4CD4D1CCA05F800E5804E /* ViewController.m in Sources */,
				DBD35A071CEBFECF0057DAA5 /* FrameParser.m in Sources */,
				DBD359FF1CEBFECF0057DAA5 /* UIColor+Hex.m in Sources */,
				DBD35A111CEC5C250057DAA5 /* tempViewController.m in Sources */,
				DBD35A0E1CEC021F0057DAA5 /* FrameParser+dict.m in Sources */,
				DB5734141CEEA91400A8762C /* NSString+HEmoji.m in Sources */,
				DB9EF73F1CD88A9E00BD9579 /* HImageBox.m in Sources */,
				DBD35A001CEBFECF0057DAA5 /* UIView+Extension.m in Sources */,
				DBD35A051CEBFECF0057DAA5 /* CoreTextData.m in Sources */,
				DBD35A0B1CEBFECF0057DAA5 /* CTDrawView.m in Sources */,
				DBD35A011CEBFECF0057DAA5 /* FontConfig.m in Sources */,
				DBD35A081CEBFECF0057DAA5 /* FrameParserHandle.m in Sources */,
				DBF4CD4A1CCA05F800E5804E /* AppDelegate.m in Sources */,
				DBD35A021CEBFECF0057DAA5 /* FrameParserConfig.m in Sources */,
				DBD35A041CEBFECF0057DAA5 /* partMessage.m in Sources */,
				DBF4CD471CCA05F800E5804E /* main.m in Sources */,
			);
			runOnlyForDeploymentPostprocessing = 0;
		};
		DBF4CD571CCA05F900E5804E /* Sources */ = {
			isa = PBXSourcesBuildPhase;
			buildActionMask = 2147483647;
			files = (
				DBF4CD601CCA05F900E5804E /* CoreTextDomeTests.m in Sources */,
			);
			runOnlyForDeploymentPostprocessing = 0;
		};
		DBF4CD621CCA05F900E5804E /* Sources */ = {
			isa = PBXSourcesBuildPhase;
			buildActionMask = 2147483647;
			files = (
				DBF4CD6B1CCA05F900E5804E /* CoreTextDomeUITests.m in Sources */,
			);
			runOnlyForDeploymentPostprocessing = 0;
		};
/* End PBXSourcesBuildPhase section */

/* Begin PBXTargetDependency section */
		DBF4CD5D1CCA05F900E5804E /* PBXTargetDependency */ = {
			isa = PBXTargetDependency;
			target = DBF4CD411CCA05F800E5804E /* CoreTextDome */;
			targetProxy = DBF4CD5C1CCA05F900E5804E /* PBXContainerItemProxy */;
		};
		DBF4CD681CCA05F900E5804E /* PBXTargetDependency */ = {
			isa = PBXTargetDependency;
			target = DBF4CD411CCA05F800E5804E /* CoreTextDome */;
			targetProxy = DBF4CD671CCA05F900E5804E /* PBXContainerItemProxy */;
		};
/* End PBXTargetDependency section */

/* Begin PBXVariantGroup section */
		DBF4CD4E1CCA05F800E5804E /* Main.storyboard */ = {
			isa = PBXVariantGroup;
			children = (
				DBF4CD4F1CCA05F800E5804E /* Base */,
			);
			name = Main.storyboard;
			sourceTree = "<group>";
		};
		DBF4CD531CCA05F800E5804E /* LaunchScreen.storyboard */ = {
			isa = PBXVariantGroup;
			children = (
				DBF4CD541CCA05F800E5804E /* Base */,
			);
			name = LaunchScreen.storyboard;
			sourceTree = "<group>";
		};
/* End PBXVariantGroup section */

/* Begin XCBuildConfiguration section */
		DBF4CD6D1CCA05F900E5804E /* Debug */ = {
			isa = XCBuildConfiguration;
			buildSettings = {
				ALWAYS_SEARCH_USER_PATHS = NO;
				CLANG_ANALYZER_NONNULL = YES;
				CLANG_CXX_LANGUAGE_STANDARD = "gnu++0x";
				CLANG_CXX_LIBRARY = "libc++";
				CLANG_ENABLE_MODULES = YES;
				CLANG_ENABLE_OBJC_ARC = YES;
				CLANG_WARN_BOOL_CONVERSION = YES;
				CLANG_WARN_CONSTANT_CONVERSION = YES;
				CLANG_WARN_DIRECT_OBJC_ISA_USAGE = YES_ERROR;
				CLANG_WARN_EMPTY_BODY = YES;
				CLANG_WARN_ENUM_CONVERSION = YES;
				CLANG_WARN_INT_CONVERSION = YES;
				CLANG_WARN_OBJC_ROOT_CLASS = YES_ERROR;
				CLANG_WARN_UNREACHABLE_CODE = YES;
				CLANG_WARN__DUPLICATE_METHOD_MATCH = YES;
				"CODE_SIGN_IDENTITY[sdk=iphoneos*]" = "iPhone Developer";
				COPY_PHASE_STRIP = NO;
				DEBUG_INFORMATION_FORMAT = dwarf;
				ENABLE_STRICT_OBJC_MSGSEND = YES;
				ENABLE_TESTABILITY = YES;
				GCC_C_LANGUAGE_STANDARD = gnu99;
				GCC_DYNAMIC_NO_PIC = NO;
				GCC_NO_COMMON_BLOCKS = YES;
				GCC_OPTIMIZATION_LEVEL = 0;
				GCC_PREPROCESSOR_DEFINITIONS = (
					"DEBUG=1",
					"$(inherited)",
				);
				GCC_WARN_64_TO_32_BIT_CONVERSION = YES;
				GCC_WARN_ABOUT_RETURN_TYPE = YES_ERROR;
				GCC_WARN_UNDECLARED_SELECTOR = YES;
				GCC_WARN_UNINITIALIZED_AUTOS = YES_AGGRESSIVE;
				GCC_WARN_UNUSED_FUNCTION = YES;
				GCC_WARN_UNUSED_VARIABLE = YES;
				IPHONEOS_DEPLOYMENT_TARGET = 9.3;
				MTL_ENABLE_DEBUG_INFO = YES;
				ONLY_ACTIVE_ARCH = YES;
				SDKROOT = iphoneos;
			};
			name = Debug;
		};
		DBF4CD6E1CCA05F900E5804E /* Release */ = {
			isa = XCBuildConfiguration;
			buildSettings = {
				ALWAYS_SEARCH_USER_PATHS = NO;
				CLANG_ANALYZER_NONNULL = YES;
				CLANG_CXX_LANGUAGE_STANDARD = "gnu++0x";
				CLANG_CXX_LIBRARY = "libc++";
				CLANG_ENABLE_MODULES = YES;
				CLANG_ENABLE_OBJC_ARC = YES;
				CLANG_WARN_BOOL_CONVERSION = YES;
				CLANG_WARN_CONSTANT_CONVERSION = YES;
				CLANG_WARN_DIRECT_OBJC_ISA_USAGE = YES_ERROR;
				CLANG_WARN_EMPTY_BODY = YES;
				CLANG_WARN_ENUM_CONVERSION = YES;
				CLANG_WARN_INT_CONVERSION = YES;
				CLANG_WARN_OBJC_ROOT_CLASS = YES_ERROR;
				CLANG_WARN_UNREACHABLE_CODE = YES;
				CLANG_WARN__DUPLICATE_METHOD_MATCH = YES;
				"CODE_SIGN_IDENTITY[sdk=iphoneos*]" = "iPhone Developer";
				COPY_PHASE_STRIP = NO;
				DEBUG_INFORMATION_FORMAT = "dwarf-with-dsym";
				ENABLE_NS_ASSERTIONS = NO;
				ENABLE_STRICT_OBJC_MSGSEND = YES;
				GCC_C_LANGUAGE_STANDARD = gnu99;
				GCC_NO_COMMON_BLOCKS = YES;
				GCC_WARN_64_TO_32_BIT_CONVERSION = YES;
				GCC_WARN_ABOUT_RETURN_TYPE = YES_ERROR;
				GCC_WARN_UNDECLARED_SELECTOR = YES;
				GCC_WARN_UNINITIALIZED_AUTOS = YES_AGGRESSIVE;
				GCC_WARN_UNUSED_FUNCTION = YES;
				GCC_WARN_UNUSED_VARIABLE = YES;
				IPHONEOS_DEPLOYMENT_TARGET = 9.3;
				MTL_ENABLE_DEBUG_INFO = NO;
				SDKROOT = iphoneos;
				VALIDATE_PRODUCT = YES;
			};
			name = Release;
		};
		DBF4CD701CCA05F900E5804E /* Debug */ = {
			isa = XCBuildConfiguration;
			buildSettings = {
				ASSETCATALOG_COMPILER_APPICON_NAME = AppIcon;
				CODE_SIGN_IDENTITY = "iPhone Developer: Yibing Zhang (2BG7BE76P7)";
				INFOPLIST_FILE = CoreTextDome/Info.plist;
				IPHONEOS_DEPLOYMENT_TARGET = 8.0;
				LD_RUNPATH_SEARCH_PATHS = "$(inherited) @executable_path/Frameworks";
				PRODUCT_BUNDLE_IDENTIFIER = com.spacecg.CoreTextDome;
				PRODUCT_NAME = "$(TARGET_NAME)";
			};
			name = Debug;
		};
		DBF4CD711CCA05F900E5804E /* Release */ = {
			isa = XCBuildConfiguration;
			buildSettings = {
				ASSETCATALOG_COMPILER_APPICON_NAME = AppIcon;
				CODE_SIGN_IDENTITY = "iPhone Developer: Yibing Zhang (2BG7BE76P7)";
				INFOPLIST_FILE = CoreTextDome/Info.plist;
				IPHONEOS_DEPLOYMENT_TARGET = 8.0;
				LD_RUNPATH_SEARCH_PATHS = "$(inherited) @executable_path/Frameworks";
				PRODUCT_BUNDLE_IDENTIFIER = com.spacecg.CoreTextDome;
				PRODUCT_NAME = "$(TARGET_NAME)";
			};
			name = Release;
		};
		DBF4CD731CCA05F900E5804E /* Debug */ = {
			isa = XCBuildConfiguration;
			buildSettings = {
				BUNDLE_LOADER = "$(TEST_HOST)";
				INFOPLIST_FILE = CoreTextDomeTests/Info.plist;
				LD_RUNPATH_SEARCH_PATHS = "$(inherited) @executable_path/Frameworks @loader_path/Frameworks";
				PRODUCT_BUNDLE_IDENTIFIER = com.spacecg.CoreTextDomeTests;
				PRODUCT_NAME = "$(TARGET_NAME)";
				TEST_HOST = "$(BUILT_PRODUCTS_DIR)/CoreTextDome.app/CoreTextDome";
			};
			name = Debug;
		};
		DBF4CD741CCA05F900E5804E /* Release */ = {
			isa = XCBuildConfiguration;
			buildSettings = {
				BUNDLE_LOADER = "$(TEST_HOST)";
				INFOPLIST_FILE = CoreTextDomeTests/Info.plist;
				LD_RUNPATH_SEARCH_PATHS = "$(inherited) @executable_path/Frameworks @loader_path/Frameworks";
				PRODUCT_BUNDLE_IDENTIFIER = com.spacecg.CoreTextDomeTests;
				PRODUCT_NAME = "$(TARGET_NAME)";
				TEST_HOST = "$(BUILT_PRODUCTS_DIR)/CoreTextDome.app/CoreTextDome";
			};
			name = Release;
		};
		DBF4CD761CCA05F900E5804E /* Debug */ = {
			isa = XCBuildConfiguration;
			buildSettings = {
				INFOPLIST_FILE = CoreTextDomeUITests/Info.plist;
				LD_RUNPATH_SEARCH_PATHS = "$(inherited) @executable_path/Frameworks @loader_path/Frameworks";
				PRODUCT_BUNDLE_IDENTIFIER = com.spacecg.CoreTextDomeUITests;
				PRODUCT_NAME = "$(TARGET_NAME)";
				TEST_TARGET_NAME = CoreTextDome;
			};
			name = Debug;
		};
		DBF4CD771CCA05F900E5804E /* Release */ = {
			isa = XCBuildConfiguration;
			buildSettings = {
				INFOPLIST_FILE = CoreTextDomeUITests/Info.plist;
				LD_RUNPATH_SEARCH_PATHS = "$(inherited) @executable_path/Frameworks @loader_path/Frameworks";
				PRODUCT_BUNDLE_IDENTIFIER = com.spacecg.CoreTextDomeUITests;
				PRODUCT_NAME = "$(TARGET_NAME)";
				TEST_TARGET_NAME = CoreTextDome;
			};
			name = Release;
		};
/* End XCBuildConfiguration section */

/* Begin XCConfigurationList section */
		DBF4CD3D1CCA05F800E5804E /* Build configuration list for PBXProject "CoreTextDome" */ = {
			isa = XCConfigurationList;
			buildConfigurations = (
				DBF4CD6D1CCA05F900E5804E /* Debug */,
				DBF4CD6E1CCA05F900E5804E /* Release */,
			);
			defaultConfigurationIsVisible = 0;
			defaultConfigurationName = Release;
		};
		DBF4CD6F1CCA05F900E5804E /* Build configuration list for PBXNativeTarget "CoreTextDome" */ = {
			isa = XCConfigurationList;
			buildConfigurations = (
				DBF4CD701CCA05F900E5804E /* Debug */,
				DBF4CD711CCA05F900E5804E /* Release */,
			);
			defaultConfigurationIsVisible = 0;
			defaultConfigurationName = Release;
		};
		DBF4CD721CCA05F900E5804E /* Build configuration list for PBXNativeTarget "CoreTextDomeTests" */ = {
			isa = XCConfigurationList;
			buildConfigurations = (
				DBF4CD731CCA05F900E5804E /* Debug */,
				DBF4CD741CCA05F900E5804E /* Release */,
			);
			defaultConfigurationIsVisible = 0;
			defaultConfigurationName = Release;
		};
		DBF4CD751CCA05F900E5804E /* Build configuration list for PBXNativeTarget "CoreTextDomeUITests" */ = {
			isa = XCConfigurationList;
			buildConfigurations = (
				DBF4CD761CCA05F900E5804E /* Debug */,
				DBF4CD771CCA05F900E5804E /* Release */,
			);
			defaultConfigurationIsVisible = 0;
			defaultConfigurationName = Release;
		};
/* End XCConfigurationList section */
	};
	rootObject = DBF4CD3A1CCA05F800E5804E /* Project object */;
}
